// !$*UTF8*$!
{
	archiveVersion = 1;
	classes = {
	};
	objectVersion = 48;
	objects = {

/* Begin PBXBuildFile section */
		8224FF71200F0DF900A17ED3 /* AppDelegate.swift in Sources */ = {isa = PBXBuildFile; fileRef = 8224FF70200F0DF900A17ED3 /* AppDelegate.swift */; };
		8224FF73200F0DF900A17ED3 /* ViewController.swift in Sources */ = {isa = PBXBuildFile; fileRef = 8224FF72200F0DF900A17ED3 /* ViewController.swift */; };
		8224FF76200F0DF900A17ED3 /* Main.storyboard in Resources */ = {isa = PBXBuildFile; fileRef = 8224FF74200F0DF900A17ED3 /* Main.storyboard */; };
		8224FF78200F0DF900A17ED3 /* Assets.xcassets in Resources */ = {isa = PBXBuildFile; fileRef = 8224FF77200F0DF900A17ED3 /* Assets.xcassets */; };
		8224FF7B200F0DF900A17ED3 /* LaunchScreen.storyboard in Resources */ = {isa = PBXBuildFile; fileRef = 8224FF79200F0DF900A17ED3 /* LaunchScreen.storyboard */; };
		826B09DC200F0E40009F9A97 /* CircleProgressView.swift in Sources */ = {isa = PBXBuildFile; fileRef = 826B09DB200F0E40009F9A97 /* CircleProgressView.swift */; };
/* End PBXBuildFile section */

/* Begin PBXFileReference section */
		8224FF6D200F0DF900A17ED3 /* CircleProgressView.app */ = {isa = PBXFileReference; explicitFileType = wrapper.application; includeInIndex = 0; path = CircleProgressView.app; sourceTree = BUILT_PRODUCTS_DIR; };
		8224FF70200F0DF900A17ED3 /* AppDelegate.swift */ = {isa = PBXFileReference; lastKnownFileType = sourcecode.swift; path = AppDelegate.swift; sourceTree = "<group>"; };
		8224FF72200F0DF900A17ED3 /* ViewController.swift */ = {isa = PBXFileReference; lastKnownFileType = sourcecode.swift; path = ViewController.swift; sourceTree = "<group>"; };
		8224FF75200F0DF900A17ED3 /* Base */ = {isa = PBXFileReference; lastKnownFileType = file.storyboard; name = Base; path = Base.lproj/Main.storyboard; sourceTree = "<group>"; };
		8224FF77200F0DF900A17ED3 /* Assets.xcassets */ = {isa = PBXFileReference; lastKnownFileType = folder.assetcatalog; path = Assets.xcassets; sourceTree = "<group>"; };
		8224FF7A200F0DF900A17ED3 /* Base */ = {isa = PBXFileReference; lastKnownFileType = file.storyboard; name = Base; path = Base.lproj/LaunchScreen.storyboard; sourceTree = "<group>"; };
		8224FF7C200F0DF900A17ED3 /* Info.plist */ = {isa = PBXFileReference; lastKnownFileType = text.plist.xml; path = Info.plist; sourceTree = "<group>"; };
		826B09DB200F0E40009F9A97 /* CircleProgressView.swift */ = {isa = PBXFileReference; fileEncoding = 4; lastKnownFileType = sourcecode.swift; path = CircleProgressView.swift; sourceTree = "<group>"; };
/* End PBXFileReference section */

/* Begin PBXFrameworksBuildPhase section */
		8224FF6A200F0DF900A17ED3 /* Frameworks */ = {
			isa = PBXFrameworksBuildPhase;
			buildActionMask = 2147483647;
			files = (
			);
			runOnlyForDeploymentPostprocessing = 0;
		};
/* End PBXFrameworksBuildPhase section */

/* Begin PBXGroup section */
		8224FF64200F0DF900A17ED3 = {
			isa = PBXGroup;
			children = (
				8224FF6F200F0DF900A17ED3 /* CircleProgressView */,
				8224FF6E200F0DF900A17ED3 /* Products */,
			);
			sourceTree = "<group>";
		};
		8224FF6E200F0DF900A17ED3 /* Products */ = {
			isa = PBXGroup;
			children = (
				8224FF6D200F0DF900A17ED3 /* CircleProgressView.app */,
			);
			name = Products;
			sourceTree = "<group>";
		};
		8224FF6F200F0DF900A17ED3 /* CircleProgressView */ = {
			isa = PBXGroup;
			children = (
				8224FF70200F0DF900A17ED3 /* AppDelegate.swift */,
				8224FF72200F0DF900A17ED3 /* ViewController.swift */,
				826B09DB200F0E40009F9A97 /* CircleProgressView.swift */,
				8224FF74200F0DF900A17ED3 /* Main.storyboard */,
				8224FF77200F0DF900A17ED3 /* Assets.xcassets */,
				8224FF79200F0DF900A17ED3 /* LaunchScreen.storyboard */,
				8224FF7C200F0DF900A17ED3 /* Info.plist */,
			);
			path = CircleProgressView;
			sourceTree = "<group>";
		};
/* End PBXGroup section */

/* Begin PBXNativeTarget section */
		8224FF6C200F0DF900A17ED3 /* CircleProgressView */ = {
			isa = PBXNativeTarget;
			buildConfigurationList = 8224FF7F200F0DF900A17ED3 /* Build configuration list for PBXNativeTarget "CircleProgressView" */;
			buildPhases = (
				8224FF69200F0DF900A17ED3 /* Sources */,
				8224FF6A200F0DF900A17ED3 /* Frameworks */,
				8224FF6B200F0DF900A17ED3 /* Resources */,
			);
			buildRules = (
			);
			dependencies = (
			);
			name = CircleProgressView;
			productName = CircleProgressView;
			productReference = 8224FF6D200F0DF900A17ED3 /* CircleProgressView.app */;
			productType = "com.apple.product-type.application";
		};
/* End PBXNativeTarget section */

/* Begin PBXProject section */
		8224FF65200F0DF900A17ED3 /* Project object */ = {
			isa = PBXProject;
			attributes = {
				LastSwiftUpdateCheck = 0910;
				LastUpgradeCheck = 0910;
				ORGANIZATIONNAME = niekang;
				TargetAttributes = {
					8224FF6C200F0DF900A17ED3 = {
						CreatedOnToolsVersion = 9.1;
						ProvisioningStyle = Automatic;
					};
				};
			};
			buildConfigurationList = 8224FF68200F0DF900A17ED3 /* Build configuration list for PBXProject "CircleProgressView" */;
			compatibilityVersion = "Xcode 8.0";
			developmentRegion = en;
			hasScannedForEncodings = 0;
			knownRegions = (
				en,
				Base,
			);
			mainGroup = 8224FF64200F0DF900A17ED3;
			productRefGroup = 8224FF6E200F0DF900A17ED3 /* Products */;
			projectDirPath = "";
			projectRoot = "";
			targets = (
				8224FF6C200F0DF900A17ED3 /* CircleProgressView */,
			);
		};
/* End PBXProject section */

/* Begin PBXResourcesBuildPhase section */
		8224FF6B200F0DF900A17ED3 /* Resources */ = {
			isa = PBXResourcesBuildPhase;
			buildActionMask = 2147483647;
			files = (
				8224FF7B200F0DF900A17ED3 /* LaunchScreen.storyboard in Resources */,
				8224FF78200F0DF900A17ED3 /* Assets.xcassets in Resources */,
				8224FF76200F0DF900A17ED3 /* Main.storyboard in Resources */,
			);
			runOnlyForDeploymentPostprocessing = 0;
		};
/* End PBXResourcesBuildPhase section */

/* Begin PBXSourcesBuildPhase section */
		8224FF69200F0DF900A17ED3 /* Sources */ = {
			isa = PBXSourcesBuildPhase;
			buildActionMask = 2147483647;
			files = (
				8224FF73200F0DF900A17ED3 /* ViewController.swift in Sources */,
				8224FF71200F0DF900A17ED3 /* AppDelegate.swift in Sources */,
				826B09DC200F0E40009F9A97 /* CircleProgressView.swift in Sources */,
			);
			runOnlyForDeploymentPostprocessing = 0;
		};
/* End PBXSourcesBuildPhase section */

/* Begin PBXVariantGroup section */
		8224FF74200F0DF900A17ED3 /* Main.storyboard */ = {
			isa = PBXVariantGroup;
			children = (
				8224FF75200F0DF900A17ED3 /* Base */,
			);
			name = Main.storyboard;
			sourceTree = "<group>";
		};
		8224FF79200F0DF900A17ED3 /* LaunchScreen.storyboard */ = {
			isa = PBXVariantGroup;
			children = (
				8224FF7A200F0DF900A17ED3 /* Base */,
			);
			name = LaunchScreen.storyboard;
			sourceTree = "<group>";
		};
/* End PBXVariantGroup section */

/* Begin XCBuildConfiguration section */
		8224FF7D200F0DF900A17ED3 /* Debug */ = {
			isa = XCBuildConfiguration;
			buildSettings = {
				ALWAYS_SEARCH_USER_PATHS = NO;
				CLANG_ANALYZER_NONNULL = YES;
				CLANG_ANALYZER_NUMBER_OBJECT_CONVERSION = YES_AGGRESSIVE;
				CLANG_CXX_LANGUAGE_STANDARD = "gnu++14";
				CLANG_CXX_LIBRARY = "libc++";
				CLANG_ENABLE_MODULES = YES;
				CLANG_ENABLE_OBJC_ARC = YES;
				CLANG_WARN_BLOCK_CAPTURE_AUTORELEASING = YES;
				CLANG_WARN_BOOL_CONVERSION = YES;
				CLANG_WARN_COMMA = YES;
				CLANG_WARN_CONSTANT_CONVERSION = YES;
				CLANG_WARN_DIRECT_OBJC_ISA_USAGE = YES_ERROR;
				CLANG_WARN_DOCUMENTATION_COMMENTS = YES;
				CLANG_WARN_EMPTY_BODY = YES;
				CLANG_WARN_ENUM_CONVERSION = YES;
				CLANG_WARN_INFINITE_RECURSION = YES;
				CLANG_WARN_INT_CONVERSION = YES;
				CLANG_WARN_NON_LITERAL_NULL_CONVERSION = YES;
				CLANG_WARN_OBJC_LITERAL_CONVERSION = YES;
				CLANG_WARN_OBJC_ROOT_CLASS = YES_ERROR;
				CLANG_WARN_RANGE_LOOP_ANALYSIS = YES;
				CLANG_WARN_STRICT_PROTOTYPES = YES;
				CLANG_WARN_SUSPICIOUS_MOVE = YES;
				CLANG_WARN_UNGUARDED_AVAILABILITY = YES_AGGRESSIVE;
				CLANG_WARN_UNREACHABLE_CODE = YES;
				CLANG_WARN__DUPLICATE_METHOD_MATCH = YES;
				CODE_SIGN_IDENTITY = "iPhone Developer";
				COPY_PHASE_STRIP = NO;
				DEBUG_INFORMATION_FORMAT = dwarf;
				ENABLE_STRICT_OBJC_MSGSEND = YES;
				ENABLE_TESTABILITY = YES;
				GCC_C_LANGUAGE_STANDARD = gnu11;
				GCC_DYNAMIC_NO_PIC = NO;
				GCC_NO_COMMON_BLOCKS = YES;
				GCC_OPTIMIZATION_LEVEL = 0;
				GCC_PREPROCESSOR_DEFINITIONS = (
					"DEBUG=1",
					"$(inherited)",
				);
				GCC_WARN_64_TO_32_BIT_CONVERSION = YES;
				GCC_WARN_ABOUT_RETURN_TYPE = YES_ERROR;
				GCC_WARN_UNDECLARED_SELECTOR = YES;
				GCC_WARN_UNINITIALIZED_AUTOS = YES_AGGRESSIVE;
				GCC_WARN_UNUSED_FUNCTION = YES;
				GCC_WARN_UNUSED_VARIABLE = YES;
				IPHONEOS_DEPLOYMENT_TARGET = 11.1;
				MTL_ENABLE_DEBUG_INFO = YES;
				ONLY_ACTIVE_ARCH = YES;
				SDKROOT = iphoneos;
				SWIFT_ACTIVE_COMPILATION_CONDITIONS = DEBUG;
				SWIFT_OPTIMIZATION_LEVEL = "-Onone";
			};
			name = Debug;
		};
		8224FF7E200F0DF900A17ED3 /* Release */ = {
			isa = XCBuildConfiguration;
			buildSettings = {
				ALWAYS_SEARCH_USER_PATHS = NO;
				CLANG_ANALYZER_NONNULL = YES;
				CLANG_ANALYZER_NUMBER_OBJECT_CONVERSION = YES_AGGRESSIVE;
				CLANG_CXX_LANGUAGE_STANDARD = "gnu++14";
				CLANG_CXX_LIBRARY = "libc++";
				CLANG_ENABLE_MODULES = YES;
				CLANG_ENABLE_OBJC_ARC = YES;
				CLANG_WARN_BLOCK_CAPTURE_AUTORELEASING = YES;
				CLANG_WARN_BOOL_CONVERSION = YES;
				CLANG_WARN_COMMA = YES;
				CLANG_WARN_CONSTANT_CONVERSION = YES;
				CLANG_WARN_DIRECT_OBJC_ISA_USAGE = YES_ERROR;
				CLANG_WARN_DOCUMENTATION_COMMENTS = YES;
				CLANG_WARN_EMPTY_BODY = YES;
				CLANG_WARN_ENUM_CONVERSION = YES;
				CLANG_WARN_INFINITE_RECURSION = YES;
				CLANG_WARN_INT_CONVERSION = YES;
				CLANG_WARN_NON_LITERAL_NULL_CONVERSION = YES;
				CLANG_WARN_OBJC_LITERAL_CONVERSION = YES;
				CLANG_WARN_OBJC_ROOT_CLASS = YES_ERROR;
				CLANG_WARN_RANGE_LOOP_ANALYSIS = YES;
				CLANG_WARN_STRICT_PROTOTYPES = YES;
				CLANG_WARN_SUSPICIOUS_MOVE = YES;
				CLANG_WARN_UNGUARDED_AVAILABILITY = YES_AGGRESSIVE;
				CLANG_WARN_UNREACHABLE_CODE = YES;
				CLANG_WARN__DUPLICATE_METHOD_MATCH = YES;
				CODE_SIGN_IDENTITY = "iPhone Developer";
				COPY_PHASE_STRIP = NO;
				DEBUG_INFORMATION_FORMAT = "dwarf-with-dsym";
				ENABLE_NS_ASSERTIONS = NO;
				ENABLE_STRICT_OBJC_MSGSEND = YES;
				GCC_C_LANGUAGE_STANDARD = gnu11;
				GCC_NO_COMMON_BLOCKS = YES;
				GCC_WARN_64_TO_32_BIT_CONVERSION = YES;
				GCC_WARN_ABOUT_RETURN_TYPE = YES_ERROR;
				GCC_WARN_UNDECLARED_SELECTOR = YES;
				GCC_WARN_UNINITIALIZED_AUTOS = YES_AGGRESSIVE;
				GCC_WARN_UNUSED_FUNCTION = YES;
				GCC_WARN_UNUSED_VARIABLE = YES;
				IPHONEOS_DEPLOYMENT_TARGET = 11.1;
				MTL_ENABLE_DEBUG_INFO = NO;
				SDKROOT = iphoneos;
				SWIFT_OPTIMIZATION_LEVEL = "-Owholemodule";
				VALIDATE_PRODUCT = YES;
			};
			name = Release;
		};
		8224FF80200F0DF900A17ED3 /* Debug */ = {
			isa = XCBuildConfiguration;
			buildSettings = {
				ASSETCATALOG_COMPILER_APPICON_NAME = AppIcon;
				CODE_SIGN_STYLE = Automatic;
				INFOPLIST_FILE = CircleProgressView/Info.plist;
				IPHONEOS_DEPLOYMENT_TARGET = 8.0;
				LD_RUNPATH_SEARCH_PATHS = "$(inherited) @executable_path/Frameworks";
				PRODUCT_BUNDLE_IDENTIFIER = com.nk.CircleProgressView;
				PRODUCT_NAME = "$(TARGET_NAME)";
				SWIFT_VERSION = 4.0;
				TARGETED_DEVICE_FAMILY = "1,2";
			};
			name = Debug;
		};
		8224FF81200F0DF900A17ED3 /* Release */ = {
			isa = XCBuildConfiguration;
			buildSettings = {
				ASSETCATALOG_COMPILER_APPICON_NAME = AppIcon;
				CODE_SIGN_STYLE = Automatic;
				INFOPLIST_FILE = CircleProgressView/Info.plist;
				IPHONEOS_DEPLOYMENT_TARGET = 8.0;
				LD_RUNPATH_SEARCH_PATHS = "$(inherited) @executable_path/Frameworks";
				PRODUCT_BUNDLE_IDENTIFIER = com.nk.CircleProgressView;
				PRODUCT_NAME = "$(TARGET_NAME)";
				SWIFT_VERSION = 4.0;
				TARGETED_DEVICE_FAMILY = "1,2";
			};
			name = Release;
		};
/* End XCBuildConfiguration section */

/* Begin XCConfigurationList section */
		8224FF68200F0DF900A17ED3 /* Build configuration list for PBXProject "CircleProgressView" */ = {
			isa = XCConfigurationList;
			buildConfigurations = (
				8224FF7D200F0DF900A17ED3 /* Debug */,
				8224FF7E200F0DF900A17ED3 /* Release */,
			);
			defaultConfigurationIsVisible = 0;
			defaultConfigurationName = Release;
		};
		8224FF7F200F0DF900A17ED3 /* Build configuration list for PBXNativeTarget "CircleProgressView" */ = {
			isa = XCConfigurationList;
			buildConfigurations = (
				8224FF80200F0DF900A17ED3 /* Debug */,
				8224FF81200F0DF900A17ED3 /* Release */,
			);
			defaultConfigurationIsVisible = 0;
			defaultConfigurationName = Release;
		};
/* End XCConfigurationList section */
	};
	rootObject = 8224FF65200F0DF900A17ED3 /* Project object */;
}
